
Microsoft Visual Studio Solution File, Format Version 12.00
# Visual Studio Version 16
VisualStudioVersion = 16.0.34601.136
MinimumVisualStudioVersion = 10.0.40219.1
Project("{8BC9CEB8-8B4A-11D0-8D11-00A0C91BC942}") = "circle_array", "circle_array\circle_array.vcxproj", "{AC09BC1E-9E67-499C-941A-EE90B485EBA3}"
EndProject
Global
	GlobalSection(SolutionConfigurationPlatforms) = preSolution
		Debug|x64 = Debug|x64
		Debug|x86 = Debug|x86
		Release|x64 = Release|x64
		Release|x86 = Release|x86
	EndGlobalSection
	GlobalSection(ProjectConfigurationPlatforms) = postSolution
		{AC09BC1E-9E67-499C-941A-EE90B485EBA3}.Debug|x64.ActiveCfg = Debug|x64
		{AC09BC1E-9E67-499C-941A-EE90B485EBA3}.Debug|x64.Build.0 = Debug|x64
		{AC09BC1E-9E67-499C-941A-EE90B485EBA3}.Debug|x86.ActiveCfg = Debug|Win32
		{AC09BC1E-9E67-499C-941A-EE90B485EBA3}.Debug|x86.Build.0 = Debug|Win32
		{AC09BC1E-9E67-499C-941A-EE90B485EBA3}.Release|x64.ActiveCfg = Release|x64
		{AC09BC1E-9E67-499C-941A-EE90B485EBA3}.Release|x64.Build.0 = Release|x64
		{AC09BC1E-9E67-499C-941A-EE90B485EBA3}.Release|x86.ActiveCfg = Release|Win32
		{AC09BC1E-9E67-499C-941A-EE90B485EBA3}.Release|x86.Build.0 = Release|Win32
	EndGlobalSection
	GlobalSection(SolutionProperties) = preSolution
		HideSolutionNode = FALSE
	EndGlobalSection
	GlobalSection(ExtensibilityGlobals) = postSolution
		SolutionGuid = {6623F223-AE03-49F6-A363-92DDBA3F9BB2}
	EndGlobalSection
EndGlobal
